
Microsoft Visual Studio Solution File, Format Version 12.00
# Visual Studio Version 17
VisualStudioVersion = 17.3.32825.248
MinimumVisualStudioVersion = 10.0.40219.1
Project("{FAE04EC0-301F-11D3-BF4B-00C04F79EFBC}") = "TeltonikaClientCore", "TeltonikaClientCore.csproj", "{5593F1B9-CA6B-4218-A1A8-5D9E4A804852}"
EndProject
Project("{FAE04EC0-301F-11D3-BF4B-00C04F79EFBC}") = "Teltonika.Codec", "..\Teltonika.Codec\Teltonika.Codec.csproj", "{D9F267C9-EB4E-4D40-90D4-26E046D470E7}"
EndProject
Project("{FAE04EC0-301F-11D3-BF4B-00C04F79EFBC}") = "TcpListener", "..\TcpListener\TcpListener.csproj", "{8393DFEC-F3DD-4CF4-B523-70739FE95521}"
EndProject
Project("{FAE04EC0-301F-11D3-BF4B-00C04F79EFBC}") = "UdpListener", "..\UdpListener\UdpListener.csproj", "{B98B5CD9-62B9-4656-B5E9-D66681643481}"
EndProject
Project("{FAE04EC0-301F-11D3-BF4B-00C04F79EFBC}") = "Teltonika.DataParser", "..\Teltonika.DataParser\Teltonika.DataParser.csproj", "{16E430CD-D62F-41E3-91F6-1BA11DE9CD9F}"
EndProject
Global
	GlobalSection(SolutionConfigurationPlatforms) = preSolution
		Debug|Any CPU = Debug|Any CPU
		Release|Any CPU = Release|Any CPU
	EndGlobalSection
	GlobalSection(ProjectConfigurationPlatforms) = postSolution
		{5593F1B9-CA6B-4218-A1A8-5D9E4A804852}.Debug|Any CPU.ActiveCfg = Debug|Any CPU
		{5593F1B9-CA6B-4218-A1A8-5D9E4A804852}.Debug|Any CPU.Build.0 = Debug|Any CPU
		{5593F1B9-CA6B-4218-A1A8-5D9E4A804852}.Release|Any CPU.ActiveCfg = Release|Any CPU
		{5593F1B9-CA6B-4218-A1A8-5D9E4A804852}.Release|Any CPU.Build.0 = Release|Any CPU
		{D9F267C9-EB4E-4D40-90D4-26E046D470E7}.Debug|Any CPU.ActiveCfg = Debug|Any CPU
		{D9F267C9-EB4E-4D40-90D4-26E046D470E7}.Debug|Any CPU.Build.0 = Debug|Any CPU
		{D9F267C9-EB4E-4D40-90D4-26E046D470E7}.Release|Any CPU.ActiveCfg = Release|Any CPU
		{D9F267C9-EB4E-4D40-90D4-26E046D470E7}.Release|Any CPU.Build.0 = Release|Any CPU
		{8393DFEC-F3DD-4CF4-B523-70739FE95521}.Debug|Any CPU.ActiveCfg = Debug|Any CPU
		{8393DFEC-F3DD-4CF4-B523-70739FE95521}.Debug|Any CPU.Build.0 = Debug|Any CPU
		{8393DFEC-F3DD-4CF4-B523-70739FE95521}.Release|Any CPU.ActiveCfg = Release|Any CPU
		{8393DFEC-F3DD-4CF4-B523-70739FE95521}.Release|Any CPU.Build.0 = Release|Any CPU
		{B98B5CD9-62B9-4656-B5E9-D66681643481}.Debug|Any CPU.ActiveCfg = Debug|Any CPU
		{B98B5CD9-62B9-4656-B5E9-D66681643481}.Debug|Any CPU.Build.0 = Debug|Any CPU
		{B98B5CD9-62B9-4656-B5E9-D66681643481}.Release|Any CPU.ActiveCfg = Release|Any CPU
		{B98B5CD9-62B9-4656-B5E9-D66681643481}.Release|Any CPU.Build.0 = Release|Any CPU
		{16E430CD-D62F-41E3-91F6-1BA11DE9CD9F}.Debug|Any CPU.ActiveCfg = Debug|Any CPU
		{16E430CD-D62F-41E3-91F6-1BA11DE9CD9F}.Debug|Any CPU.Build.0 = Debug|Any CPU
		{16E430CD-D62F-41E3-91F6-1BA11DE9CD9F}.Release|Any CPU.ActiveCfg = Release|Any CPU
		{16E430CD-D62F-41E3-91F6-1BA11DE9CD9F}.Release|Any CPU.Build.0 = Release|Any CPU
	EndGlobalSection
	GlobalSection(SolutionProperties) = preSolution
		HideSolutionNode = FALSE
	EndGlobalSection
	GlobalSection(ExtensibilityGlobals) = postSolution
		SolutionGuid = {EE3D3B28-D3C0-42B2-89EA-9436A6F06E86}
	EndGlobalSection
EndGlobal
